
Microsoft Visual Studio Solution File, Format Version 12.00
Project("{FAE04EC0-301F-11D3-BF4B-00C04F79EFBC}") = "V1", "V1\V1.csproj", "{29979B0B-423A-44B1-9CAA-F05450E20271}"
EndProject
Project("{FAE04EC0-301F-11D3-BF4B-00C04F79EFBC}") = "V1Test", "V1Test\V1Test.csproj", "{AEF8906F-5B37-430E-A113-94295B16E3E6}"
EndProject
Global
	GlobalSection(SolutionConfigurationPlatforms) = preSolution
		Debug|Any CPU = Debug|Any CPU
		Release|Any CPU = Release|Any CPU
	EndGlobalSection
	GlobalSection(ProjectConfigurationPlatforms) = postSolution
		{29979B0B-423A-44B1-9CAA-F05450E20271}.Debug|Any CPU.ActiveCfg = Debug|Any CPU
		{29979B0B-423A-44B1-9CAA-F05450E20271}.Debug|Any CPU.Build.0 = Debug|Any CPU
		{29979B0B-423A-44B1-9CAA-F05450E20271}.Release|Any CPU.ActiveCfg = Release|Any CPU
		{29979B0B-423A-44B1-9CAA-F05450E20271}.Release|Any CPU.Build.0 = Release|Any CPU
		{AEF8906F-5B37-430E-A113-94295B16E3E6}.Debug|Any CPU.ActiveCfg = Debug|Any CPU
		{AEF8906F-5B37-430E-A113-94295B16E3E6}.Debug|Any CPU.Build.0 = Debug|Any CPU
		{AEF8906F-5B37-430E-A113-94295B16E3E6}.Release|Any CPU.ActiveCfg = Release|Any CPU
		{AEF8906F-5B37-430E-A113-94295B16E3E6}.Release|Any CPU.Build.0 = Release|Any CPU
	EndGlobalSection
EndGlobal
